// !$*UTF8*$!
{
	archiveVersion = 1;
	classes = {
	};
	objectVersion = 51;
	objects = {

/* Begin PBXBuildFile section */
		3769F15426B98F410006EAAC /* AppDelegate.swift in Sources */ = {isa = PBXBuildFile; fileRef = 3769F15326B98F410006EAAC /* AppDelegate.swift */; };
		3769F15626B98F410006EAAC /* SceneDelegate.swift in Sources */ = {isa = PBXBuildFile; fileRef = 3769F15526B98F410006EAAC /* SceneDelegate.swift */; };
		3769F15B26B98F410006EAAC /* Main.storyboard in Resources */ = {isa = PBXBuildFile; fileRef = 3769F15926B98F410006EAAC /* Main.storyboard */; };
		3769F15D26B98F430006EAAC /* Assets.xcassets in Resources */ = {isa = PBXBuildFile; fileRef = 3769F15C26B98F430006EAAC /* Assets.xcassets */; };
		3769F16026B98F430006EAAC /* LaunchScreen.storyboard in Resources */ = {isa = PBXBuildFile; fileRef = 3769F15E26B98F430006EAAC /* LaunchScreen.storyboard */; };
		3769F16826B990260006EAAC /* MainViewController.swift in Sources */ = {isa = PBXBuildFile; fileRef = 3769F16726B990260006EAAC /* MainViewController.swift */; };
		3769F16C26B993BB0006EAAC /* CameraSetting.swift in Sources */ = {isa = PBXBuildFile; fileRef = 3769F16B26B993BB0006EAAC /* CameraSetting.swift */; };
		37852ACB26BADE0B0003F9D1 /* CameraViewController.swift in Sources */ = {isa = PBXBuildFile; fileRef = 37852ACA26BADE0B0003F9D1 /* CameraViewController.swift */; };
		40DC74EFEB3A50AEEF229447 /* Pods_PrudishCamera.framework in Frameworks */ = {isa = PBXBuildFile; fileRef = 35942339E8A3DE27A9DE2307 /* Pods_PrudishCamera.framework */; };
		7865042B26CB9E6C0068FDA7 /* SettingViewController.swift in Sources */ = {isa = PBXBuildFile; fileRef = 7865042A26CB9E6C0068FDA7 /* SettingViewController.swift */; };
		7865042E26CBA54A0068FDA7 /* AnchorLayer.swift in Sources */ = {isa = PBXBuildFile; fileRef = 7865042D26CBA54A0068FDA7 /* AnchorLayer.swift */; };
/* End PBXBuildFile section */

/* Begin PBXFileReference section */
		35942339E8A3DE27A9DE2307 /* Pods_PrudishCamera.framework */ = {isa = PBXFileReference; explicitFileType = wrapper.framework; includeInIndex = 0; path = Pods_PrudishCamera.framework; sourceTree = BUILT_PRODUCTS_DIR; };
		3769F15026B98F410006EAAC /* PrudishCamera.app */ = {isa = PBXFileReference; explicitFileType = wrapper.application; includeInIndex = 0; path = PrudishCamera.app; sourceTree = BUILT_PRODUCTS_DIR; };
		3769F15326B98F410006EAAC /* AppDelegate.swift */ = {isa = PBXFileReference; lastKnownFileType = sourcecode.swift; path = AppDelegate.swift; sourceTree = "<group>"; };
		3769F15526B98F410006EAAC /* SceneDelegate.swift */ = {isa = PBXFileReference; lastKnownFileType = sourcecode.swift; path = SceneDelegate.swift; sourceTree = "<group>"; };
		3769F15A26B98F410006EAAC /* Base */ = {isa = PBXFileReference; lastKnownFileType = file.storyboard; name = Base; path = Base.lproj/Main.storyboard; sourceTree = "<group>"; };
		3769F15C26B98F430006EAAC /* Assets.xcassets */ = {isa = PBXFileReference; lastKnownFileType = folder.assetcatalog; path = Assets.xcassets; sourceTree = "<group>"; };
		3769F15F26B98F430006EAAC /* Base */ = {isa = PBXFileReference; lastKnownFileType = file.storyboard; name = Base; path = Base.lproj/LaunchScreen.storyboard; sourceTree = "<group>"; };
		3769F16126B98F430006EAAC /* Info.plist */ = {isa = PBXFileReference; lastKnownFileType = text.plist.xml; path = Info.plist; sourceTree = "<group>"; };
		3769F16726B990260006EAAC /* MainViewController.swift */ = {isa = PBXFileReference; lastKnownFileType = sourcecode.swift; path = MainViewController.swift; sourceTree = "<group>"; };
		3769F16B26B993BB0006EAAC /* CameraSetting.swift */ = {isa = PBXFileReference; lastKnownFileType = sourcecode.swift; path = CameraSetting.swift; sourceTree = "<group>"; };
		37852ACA26BADE0B0003F9D1 /* CameraViewController.swift */ = {isa = PBXFileReference; lastKnownFileType = sourcecode.swift; path = CameraViewController.swift; sourceTree = "<group>"; };
		68A3443CD338744131D9FF49 /* Pods-PrudishCamera.debug.xcconfig */ = {isa = PBXFileReference; includeInIndex = 1; lastKnownFileType = text.xcconfig; name = "Pods-PrudishCamera.debug.xcconfig"; path = "Target Support Files/Pods-PrudishCamera/Pods-PrudishCamera.debug.xcconfig"; sourceTree = "<group>"; };
		7865042A26CB9E6C0068FDA7 /* SettingViewController.swift */ = {isa = PBXFileReference; lastKnownFileType = sourcecode.swift; path = SettingViewController.swift; sourceTree = "<group>"; };
		7865042D26CBA54A0068FDA7 /* AnchorLayer.swift */ = {isa = PBXFileReference; lastKnownFileType = sourcecode.swift; path = AnchorLayer.swift; sourceTree = "<group>"; };
		7CE94E1E95624E880C90C48A /* Pods-PrudishCamera.release.xcconfig */ = {isa = PBXFileReference; includeInIndex = 1; lastKnownFileType = text.xcconfig; name = "Pods-PrudishCamera.release.xcconfig"; path = "Target Support Files/Pods-PrudishCamera/Pods-PrudishCamera.release.xcconfig"; sourceTree = "<group>"; };
/* End PBXFileReference section */

/* Begin PBXFrameworksBuildPhase section */
		3769F14D26B98F410006EAAC /* Frameworks */ = {
			isa = PBXFrameworksBuildPhase;
			buildActionMask = 2147483647;
			files = (
				40DC74EFEB3A50AEEF229447 /* Pods_PrudishCamera.framework in Frameworks */,
			);
			runOnlyForDeploymentPostprocessing = 0;
		};
/* End PBXFrameworksBuildPhase section */

/* Begin PBXGroup section */
		3769F14726B98F410006EAAC = {
			isa = PBXGroup;
			children = (
				3769F15226B98F410006EAAC /* PrudishCamera */,
				3769F15126B98F410006EAAC /* Products */,
				6C896FBB8817B0EAEE4D718D /* Pods */,
				F5479B121BF1FA9A26D285A5 /* Frameworks */,
			);
			sourceTree = "<group>";
		};
		3769F15126B98F410006EAAC /* Products */ = {
			isa = PBXGroup;
			children = (
				3769F15026B98F410006EAAC /* PrudishCamera.app */,
			);
			name = Products;
			sourceTree = "<group>";
		};
		3769F15226B98F410006EAAC /* PrudishCamera */ = {
			isa = PBXGroup;
			children = (
				3769F15326B98F410006EAAC /* AppDelegate.swift */,
				3769F15526B98F410006EAAC /* SceneDelegate.swift */,
				3769F16726B990260006EAAC /* MainViewController.swift */,
				37852ACA26BADE0B0003F9D1 /* CameraViewController.swift */,
				7865042D26CBA54A0068FDA7 /* AnchorLayer.swift */,
				3769F16926B991A10006EAAC /* Setting */,
				3769F15926B98F410006EAAC /* Main.storyboard */,
				3769F15C26B98F430006EAAC /* Assets.xcassets */,
				3769F15E26B98F430006EAAC /* LaunchScreen.storyboard */,
				3769F16126B98F430006EAAC /* Info.plist */,
			);
			path = PrudishCamera;
			sourceTree = "<group>";
		};
		3769F16926B991A10006EAAC /* Setting */ = {
			isa = PBXGroup;
			children = (
				3769F16B26B993BB0006EAAC /* CameraSetting.swift */,
				7865042A26CB9E6C0068FDA7 /* SettingViewController.swift */,
			);
			path = Setting;
			sourceTree = "<group>";
		};
		6C896FBB8817B0EAEE4D718D /* Pods */ = {
			isa = PBXGroup;
			children = (
				68A3443CD338744131D9FF49 /* Pods-PrudishCamera.debug.xcconfig */,
				7CE94E1E95624E880C90C48A /* Pods-PrudishCamera.release.xcconfig */,
			);
			path = Pods;
			sourceTree = "<group>";
		};
		F5479B121BF1FA9A26D285A5 /* Frameworks */ = {
			isa = PBXGroup;
			children = (
				35942339E8A3DE27A9DE2307 /* Pods_PrudishCamera.framework */,
			);
			name = Frameworks;
			sourceTree = "<group>";
		};
/* End PBXGroup section */

/* Begin PBXNativeTarget section */
		3769F14F26B98F410006EAAC /* PrudishCamera */ = {
			isa = PBXNativeTarget;
			buildConfigurationList = 3769F16426B98F430006EAAC /* Build configuration list for PBXNativeTarget "PrudishCamera" */;
			buildPhases = (
				0B599B5292B14033F2D6BBCB /* [CP] Check Pods Manifest.lock */,
				3769F14C26B98F410006EAAC /* Sources */,
				3769F14D26B98F410006EAAC /* Frameworks */,
				3769F14E26B98F410006EAAC /* Resources */,
				FE3B90C3CF9D62592C057532 /* [CP] Embed Pods Frameworks */,
			);
			buildRules = (
			);
			dependencies = (
			);
			name = PrudishCamera;
			productName = PrudishCamera;
			productReference = 3769F15026B98F410006EAAC /* PrudishCamera.app */;
			productType = "com.apple.product-type.application";
		};
/* End PBXNativeTarget section */

/* Begin PBXProject section */
		3769F14826B98F410006EAAC /* Project object */ = {
			isa = PBXProject;
			attributes = {
				LastSwiftUpdateCheck = 1250;
				LastUpgradeCheck = 1250;
				TargetAttributes = {
					3769F14F26B98F410006EAAC = {
						CreatedOnToolsVersion = 12.5;
					};
				};
			};
			buildConfigurationList = 3769F14B26B98F410006EAAC /* Build configuration list for PBXProject "PrudishCamera" */;
			compatibilityVersion = "Xcode 9.3";
			developmentRegion = en;
			hasScannedForEncodings = 0;
			knownRegions = (
				en,
				Base,
			);
			mainGroup = 3769F14726B98F410006EAAC;
			productRefGroup = 3769F15126B98F410006EAAC /* Products */;
			projectDirPath = "";
			projectRoot = "";
			targets = (
				3769F14F26B98F410006EAAC /* PrudishCamera */,
			);
		};
/* End PBXProject section */

/* Begin PBXResourcesBuildPhase section */
		3769F14E26B98F410006EAAC /* Resources */ = {
			isa = PBXResourcesBuildPhase;
			buildActionMask = 2147483647;
			files = (
				3769F16026B98F430006EAAC /* LaunchScreen.storyboard in Resources */,
				3769F15D26B98F430006EAAC /* Assets.xcassets in Resources */,
				3769F15B26B98F410006EAAC /* Main.storyboard in Resources */,
			);
			runOnlyForDeploymentPostprocessing = 0;
		};
/* End PBXResourcesBuildPhase section */

/* Begin PBXShellScriptBuildPhase section */
		0B599B5292B14033F2D6BBCB /* [CP] Check Pods Manifest.lock */ = {
			isa = PBXShellScriptBuildPhase;
			buildActionMask = 2147483647;
			files = (
			);
			inputFileListPaths = (
			);
			inputPaths = (
				"${PODS_PODFILE_DIR_PATH}/Podfile.lock",
				"${PODS_ROOT}/Manifest.lock",
			);
			name = "[CP] Check Pods Manifest.lock";
			outputFileListPaths = (
			);
			outputPaths = (
				"$(DERIVED_FILE_DIR)/Pods-PrudishCamera-checkManifestLockResult.txt",
			);
			runOnlyForDeploymentPostprocessing = 0;
			shellPath = /bin/sh;
			shellScript = "diff \"${PODS_PODFILE_DIR_PATH}/Podfile.lock\" \"${PODS_ROOT}/Manifest.lock\" > /dev/null\nif [ $? != 0 ] ; then\n    # print error to STDERR\n    echo \"error: The sandbox is not in sync with the Podfile.lock. Run 'pod install' or update your CocoaPods installation.\" >&2\n    exit 1\nfi\n# This output is used by Xcode 'outputs' to avoid re-running this script phase.\necho \"SUCCESS\" > \"${SCRIPT_OUTPUT_FILE_0}\"\n";
			showEnvVarsInLog = 0;
		};
		FE3B90C3CF9D62592C057532 /* [CP] Embed Pods Frameworks */ = {
			isa = PBXShellScriptBuildPhase;
			buildActionMask = 2147483647;
			files = (
			);
			inputFileListPaths = (
				"${PODS_ROOT}/Target Support Files/Pods-PrudishCamera/Pods-PrudishCamera-frameworks-${CONFIGURATION}-input-files.xcfilelist",
			);
			name = "[CP] Embed Pods Frameworks";
			outputFileListPaths = (
				"${PODS_ROOT}/Target Support Files/Pods-PrudishCamera/Pods-PrudishCamera-frameworks-${CONFIGURATION}-output-files.xcfilelist",
			);
			runOnlyForDeploymentPostprocessing = 0;
			shellPath = /bin/sh;
			shellScript = "\"${PODS_ROOT}/Target Support Files/Pods-PrudishCamera/Pods-PrudishCamera-frameworks.sh\"\n";
			showEnvVarsInLog = 0;
		};
/* End PBXShellScriptBuildPhase section */

/* Begin PBXSourcesBuildPhase section */
		3769F14C26B98F410006EAAC /* Sources */ = {
			isa = PBXSourcesBuildPhase;
			buildActionMask = 2147483647;
			files = (
				7865042E26CBA54A0068FDA7 /* AnchorLayer.swift in Sources */,
				3769F15426B98F410006EAAC /* AppDelegate.swift in Sources */,
				37852ACB26BADE0B0003F9D1 /* CameraViewController.swift in Sources */,
				3769F16C26B993BB0006EAAC /* CameraSetting.swift in Sources */,
				3769F15626B98F410006EAAC /* SceneDelegate.swift in Sources */,
				3769F16826B990260006EAAC /* MainViewController.swift in Sources */,
				7865042B26CB9E6C0068FDA7 /* SettingViewController.swift in Sources */,
			);
			runOnlyForDeploymentPostprocessing = 0;
		};
/* End PBXSourcesBuildPhase section */

/* Begin PBXVariantGroup section */
		3769F15926B98F410006EAAC /* Main.storyboard */ = {
			isa = PBXVariantGroup;
			children = (
				3769F15A26B98F410006EAAC /* Base */,
			);
			name = Main.storyboard;
			sourceTree = "<group>";
		};
		3769F15E26B98F430006EAAC /* LaunchScreen.storyboard */ = {
			isa = PBXVariantGroup;
			children = (
				3769F15F26B98F430006EAAC /* Base */,
			);
			name = LaunchScreen.storyboard;
			sourceTree = "<group>";
		};
/* End PBXVariantGroup section */

/* Begin XCBuildConfiguration section */
		3769F16226B98F430006EAAC /* Debug */ = {
			isa = XCBuildConfiguration;
			buildSettings = {
				ALWAYS_SEARCH_USER_PATHS = NO;
				CLANG_ANALYZER_NONNULL = YES;
				CLANG_ANALYZER_NUMBER_OBJECT_CONVERSION = YES_AGGRESSIVE;
				CLANG_CXX_LANGUAGE_STANDARD = "gnu++14";
				CLANG_CXX_LIBRARY = "libc++";
				CLANG_ENABLE_MODULES = YES;
				CLANG_ENABLE_OBJC_ARC = YES;
				CLANG_ENABLE_OBJC_WEAK = YES;
				CLANG_WARN_BLOCK_CAPTURE_AUTORELEASING = YES;
				CLANG_WARN_BOOL_CONVERSION = YES;
				CLANG_WARN_COMMA = YES;
				CLANG_WARN_CONSTANT_CONVERSION = YES;
				CLANG_WARN_DEPRECATED_OBJC_IMPLEMENTATIONS = YES;
				CLANG_WARN_DIRECT_OBJC_ISA_USAGE = YES_ERROR;
				CLANG_WARN_DOCUMENTATION_COMMENTS = YES;
				CLANG_WARN_EMPTY_BODY = YES;
				CLANG_WARN_ENUM_CONVERSION = YES;
				CLANG_WARN_INFINITE_RECURSION = YES;
				CLANG_WARN_INT_CONVERSION = YES;
				CLANG_WARN_NON_LITERAL_NULL_CONVERSION = YES;
				CLANG_WARN_OBJC_IMPLICIT_RETAIN_SELF = YES;
				CLANG_WARN_OBJC_LITERAL_CONVERSION = YES;
				CLANG_WARN_OBJC_ROOT_CLASS = YES_ERROR;
				CLANG_WARN_QUOTED_INCLUDE_IN_FRAMEWORK_HEADER = YES;
				CLANG_WARN_RANGE_LOOP_ANALYSIS = YES;
				CLANG_WARN_STRICT_PROTOTYPES = YES;
				CLANG_WARN_SUSPICIOUS_MOVE = YES;
				CLANG_WARN_UNGUARDED_AVAILABILITY = YES_AGGRESSIVE;
				CLANG_WARN_UNREACHABLE_CODE = YES;
				CLANG_WARN__DUPLICATE_METHOD_MATCH = YES;
				COPY_PHASE_STRIP = NO;
				DEBUG_INFORMATION_FORMAT = dwarf;
				ENABLE_STRICT_OBJC_MSGSEND = YES;
				ENABLE_TESTABILITY = YES;
				GCC_C_LANGUAGE_STANDARD = gnu11;
				GCC_DYNAMIC_NO_PIC = NO;
				GCC_NO_COMMON_BLOCKS = YES;
				GCC_OPTIMIZATION_LEVEL = 0;
				GCC_PREPROCESSOR_DEFINITIONS = (
					"DEBUG=1",
					"$(inherited)",
				);
				GCC_WARN_64_TO_32_BIT_CONVERSION = YES;
				GCC_WARN_ABOUT_RETURN_TYPE = YES_ERROR;
				GCC_WARN_UNDECLARED_SELECTOR = YES;
				GCC_WARN_UNINITIALIZED_AUTOS = YES_AGGRESSIVE;
				GCC_WARN_UNUSED_FUNCTION = YES;
				GCC_WARN_UNUSED_VARIABLE = YES;
				IPHONEOS_DEPLOYMENT_TARGET = 14.5;
				MTL_ENABLE_DEBUG_INFO = INCLUDE_SOURCE;
				MTL_FAST_MATH = YES;
				ONLY_ACTIVE_ARCH = YES;
				SDKROOT = iphoneos;
				SWIFT_ACTIVE_COMPILATION_CONDITIONS = DEBUG;
				SWIFT_OPTIMIZATION_LEVEL = "-Onone";
			};
			name = Debug;
		};
		3769F16326B98F430006EAAC /* Release */ = {
			isa = XCBuildConfiguration;
			buildSettings = {
				ALWAYS_SEARCH_USER_PATHS = NO;
				CLANG_ANALYZER_NONNULL = YES;
				CLANG_ANALYZER_NUMBER_OBJECT_CONVERSION = YES_AGGRESSIVE;
				CLANG_CXX_LANGUAGE_STANDARD = "gnu++14";
				CLANG_CXX_LIBRARY = "libc++";
				CLANG_ENABLE_MODULES = YES;
				CLANG_ENABLE_OBJC_ARC = YES;
				CLANG_ENABLE_OBJC_WEAK = YES;
				CLANG_WARN_BLOCK_CAPTURE_AUTORELEASING = YES;
				CLANG_WARN_BOOL_CONVERSION = YES;
				CLANG_WARN_COMMA = YES;
				CLANG_WARN_CONSTANT_CONVERSION = YES;
				CLANG_WARN_DEPRECATED_OBJC_IMPLEMENTATIONS = YES;
				CLANG_WARN_DIRECT_OBJC_ISA_USAGE = YES_ERROR;
				CLANG_WARN_DOCUMENTATION_COMMENTS = YES;
				CLANG_WARN_EMPTY_BODY = YES;
				CLANG_WARN_ENUM_CONVERSION = YES;
				CLANG_WARN_INFINITE_RECURSION = YES;
				CLANG_WARN_INT_CONVERSION = YES;
				CLANG_WARN_NON_LITERAL_NULL_CONVERSION = YES;
				CLANG_WARN_OBJC_IMPLICIT_RETAIN_SELF = YES;
				CLANG_WARN_OBJC_LITERAL_CONVERSION = YES;
				CLANG_WARN_OBJC_ROOT_CLASS = YES_ERROR;
				CLANG_WARN_QUOTED_INCLUDE_IN_FRAMEWORK_HEADER = YES;
				CLANG_WARN_RANGE_LOOP_ANALYSIS = YES;
				CLANG_WARN_STRICT_PROTOTYPES = YES;
				CLANG_WARN_SUSPICIOUS_MOVE = YES;
				CLANG_WARN_UNGUARDED_AVAILABILITY = YES_AGGRESSIVE;
				CLANG_WARN_UNREACHABLE_CODE = YES;
				CLANG_WARN__DUPLICATE_METHOD_MATCH = YES;
				COPY_PHASE_STRIP = NO;
				DEBUG_INFORMATION_FORMAT = "dwarf-with-dsym";
				ENABLE_NS_ASSERTIONS = NO;
				ENABLE_STRICT_OBJC_MSGSEND = YES;
				GCC_C_LANGUAGE_STANDARD = gnu11;
				GCC_NO_COMMON_BLOCKS = YES;
				GCC_WARN_64_TO_32_BIT_CONVERSION = YES;
				GCC_WARN_ABOUT_RETURN_TYPE = YES_ERROR;
				GCC_WARN_UNDECLARED_SELECTOR = YES;
				GCC_WARN_UNINITIALIZED_AUTOS = YES_AGGRESSIVE;
				GCC_WARN_UNUSED_FUNCTION = YES;
				GCC_WARN_UNUSED_VARIABLE = YES;
				IPHONEOS_DEPLOYMENT_TARGET = 14.5;
				MTL_ENABLE_DEBUG_INFO = NO;
				MTL_FAST_MATH = YES;
				SDKROOT = iphoneos;
				SWIFT_COMPILATION_MODE = wholemodule;
				SWIFT_OPTIMIZATION_LEVEL = "-O";
				VALIDATE_PRODUCT = YES;
			};
			name = Release;
		};
		3769F16526B98F430006EAAC /* Debug */ = {
			isa = XCBuildConfiguration;
			baseConfigurationReference = 68A3443CD338744131D9FF49 /* Pods-PrudishCamera.debug.xcconfig */;
			buildSettings = {
				ASSETCATALOG_COMPILER_APPICON_NAME = AppIcon;
				ASSETCATALOG_COMPILER_GLOBAL_ACCENT_COLOR_NAME = AccentColor;
				CODE_SIGN_IDENTITY = "Apple Development";
				CODE_SIGN_STYLE = Automatic;
				DEVELOPMENT_TEAM = NK9M2883N3;
				FRAMEWORK_SEARCH_PATHS = (
					"$(inherited)",
					"$(PROJECT_DIR)/PrudishCamera",
					"$(PROJECT_DIR)",
				);
				INFOPLIST_FILE = PrudishCamera/Info.plist;
				IPHONEOS_DEPLOYMENT_TARGET = 13.0;
				LD_RUNPATH_SEARCH_PATHS = (
					"$(inherited)",
					"@executable_path/Frameworks",
				);
				PRODUCT_BUNDLE_IDENTIFIER = com.jinfeng.PrudishCamera;
				PRODUCT_NAME = "$(TARGET_NAME)";
				PROVISIONING_PROFILE_SPECIFIER = "";
				SWIFT_VERSION = 5.0;
				TARGETED_DEVICE_FAMILY = "1,2";
			};
			name = Debug;
		};
		3769F16626B98F430006EAAC /* Release */ = {
			isa = XCBuildConfiguration;
			baseConfigurationReference = 7CE94E1E95624E880C90C48A /* Pods-PrudishCamera.release.xcconfig */;
			buildSettings = {
				ASSETCATALOG_COMPILER_APPICON_NAME = AppIcon;
				ASSETCATALOG_COMPILER_GLOBAL_ACCENT_COLOR_NAME = AccentColor;
				CODE_SIGN_STYLE = Automatic;
				DEVELOPMENT_TEAM = NK9M2883N3;
				FRAMEWORK_SEARCH_PATHS = (
					"$(inherited)",
					"$(PROJECT_DIR)/PrudishCamera",
					"$(PROJECT_DIR)",
				);
				INFOPLIST_FILE = PrudishCamera/Info.plist;
				IPHONEOS_DEPLOYMENT_TARGET = 13.0;
				LD_RUNPATH_SEARCH_PATHS = (
					"$(inherited)",
					"@executable_path/Frameworks",
				);
				PRODUCT_BUNDLE_IDENTIFIER = com.jinfeng.PrudishCamera;
				PRODUCT_NAME = "$(TARGET_NAME)";
				SWIFT_VERSION = 5.0;
				TARGETED_DEVICE_FAMILY = "1,2";
			};
			name = Release;
		};
/* End XCBuildConfiguration section */

/* Begin XCConfigurationList section */
		3769F14B26B98F410006EAAC /* Build configuration list for PBXProject "PrudishCamera" */ = {
			isa = XCConfigurationList;
			buildConfigurations = (
				3769F16226B98F430006EAAC /* Debug */,
				3769F16326B98F430006EAAC /* Release */,
			);
			defaultConfigurationIsVisible = 0;
			defaultConfigurationName = Release;
		};
		3769F16426B98F430006EAAC /* Build configuration list for PBXNativeTarget "PrudishCamera" */ = {
			isa = XCConfigurationList;
			buildConfigurations = (
				3769F16526B98F430006EAAC /* Debug */,
				3769F16626B98F430006EAAC /* Release */,
			);
			defaultConfigurationIsVisible = 0;
			defaultConfigurationName = Release;
		};
/* End XCConfigurationList section */
	};
	rootObject = 3769F14826B98F410006EAAC /* Project object */;
}
